
Microsoft Visual Studio Solution File, Format Version 12.00
# Visual Studio Version 17
VisualStudioVersion = 17.11.35327.3
MinimumVisualStudioVersion = 10.0.40219.1
Project("{8BC9CEB8-8B4A-11D0-8D11-00A0C91BC942}") = "GLFW", "GLFW.vcxproj", "{154B857C-0182-860D-AA6E-6C109684020F}"
EndProject
Project("{8BC9CEB8-8B4A-11D0-8D11-00A0C91BC942}") = "OcAssistant", "OcAssistant.vcxproj", "{F16600EA-5D1C-79DF-E610-73B652C56FE3}"
EndProject
Global
	GlobalSection(SolutionConfigurationPlatforms) = preSolution
		Debug|x64 = Debug|x64
		Debug|x86 = Debug|x86
		Release|x64 = Release|x64
		Release|x86 = Release|x86
	EndGlobalSection
	GlobalSection(ProjectConfigurationPlatforms) = postSolution
		{154B857C-0182-860D-AA6E-6C109684020F}.Debug|x64.ActiveCfg = Debug|x64
		{154B857C-0182-860D-AA6E-6C109684020F}.Debug|x64.Build.0 = Debug|x64
		{154B857C-0182-860D-AA6E-6C109684020F}.Debug|x86.ActiveCfg = Debug|x64
		{154B857C-0182-860D-AA6E-6C109684020F}.Debug|x86.Build.0 = Debug|x64
		{154B857C-0182-860D-AA6E-6C109684020F}.Release|x64.ActiveCfg = Release|x64
		{154B857C-0182-860D-AA6E-6C109684020F}.Release|x64.Build.0 = Release|x64
		{154B857C-0182-860D-AA6E-6C109684020F}.Release|x86.ActiveCfg = Release|x64
		{154B857C-0182-860D-AA6E-6C109684020F}.Release|x86.Build.0 = Release|x64
		{F16600EA-5D1C-79DF-E610-73B652C56FE3}.Debug|x64.ActiveCfg = Debug|x64
		{F16600EA-5D1C-79DF-E610-73B652C56FE3}.Debug|x64.Build.0 = Debug|x64
		{F16600EA-5D1C-79DF-E610-73B652C56FE3}.Debug|x86.ActiveCfg = Debug|x64
		{F16600EA-5D1C-79DF-E610-73B652C56FE3}.Debug|x86.Build.0 = Debug|x64
		{F16600EA-5D1C-79DF-E610-73B652C56FE3}.Release|x64.ActiveCfg = Release|x64
		{F16600EA-5D1C-79DF-E610-73B652C56FE3}.Release|x64.Build.0 = Release|x64
		{F16600EA-5D1C-79DF-E610-73B652C56FE3}.Release|x86.ActiveCfg = Release|x64
		{F16600EA-5D1C-79DF-E610-73B652C56FE3}.Release|x86.Build.0 = Release|x64
	EndGlobalSection
	GlobalSection(SolutionProperties) = preSolution
		HideSolutionNode = FALSE
	EndGlobalSection
	GlobalSection(ExtensibilityGlobals) = postSolution
		SolutionGuid = {2F598241-571C-412F-A3CC-D65318F8A6A8}
	EndGlobalSection
EndGlobal
